
Microsoft Visual Studio Solution File, Format Version 12.00
# Visual Studio 15
VisualStudioVersion = 15.0.28307.102
MinimumVisualStudioVersion = 10.0.40219.1
Project("{FAE04EC0-301F-11D3-BF4B-00C04F79EFBC}") = "BankOnlineShopConsumer", "BankOnlineShopConsumer\BankOnlineShopConsumer.csproj", "{035B5B63-68EF-4797-A9A3-9C82A6B1F0AE}"
EndProject
Project("{FAE04EC0-301F-11D3-BF4B-00C04F79EFBC}") = "Model", "Model\Model.csproj", "{2C3B9604-2AD8-4E96-A477-1546659F6ECF}"
EndProject
Global
	GlobalSection(SolutionConfigurationPlatforms) = preSolution
		Debug|Any CPU = Debug|Any CPU
		Release|Any CPU = Release|Any CPU
	EndGlobalSection
	GlobalSection(ProjectConfigurationPlatforms) = postSolution
		{035B5B63-68EF-4797-A9A3-9C82A6B1F0AE}.Debug|Any CPU.ActiveCfg = Debug|Any CPU
		{035B5B63-68EF-4797-A9A3-9C82A6B1F0AE}.Debug|Any CPU.Build.0 = Debug|Any CPU
		{035B5B63-68EF-4797-A9A3-9C82A6B1F0AE}.Release|Any CPU.ActiveCfg = Release|Any CPU
		{035B5B63-68EF-4797-A9A3-9C82A6B1F0AE}.Release|Any CPU.Build.0 = Release|Any CPU
		{2C3B9604-2AD8-4E96-A477-1546659F6ECF}.Debug|Any CPU.ActiveCfg = Debug|Any CPU
		{2C3B9604-2AD8-4E96-A477-1546659F6ECF}.Debug|Any CPU.Build.0 = Debug|Any CPU
		{2C3B9604-2AD8-4E96-A477-1546659F6ECF}.Release|Any CPU.ActiveCfg = Release|Any CPU
		{2C3B9604-2AD8-4E96-A477-1546659F6ECF}.Release|Any CPU.Build.0 = Release|Any CPU
	EndGlobalSection
	GlobalSection(SolutionProperties) = preSolution
		HideSolutionNode = FALSE
	EndGlobalSection
	GlobalSection(ExtensibilityGlobals) = postSolution
		SolutionGuid = {C4A809CB-E1C1-45FA-BC2F-AF226A6A20E3}
	EndGlobalSection
EndGlobal
